
Microsoft Visual Studio Solution File, Format Version 12.00
# Visual Studio 15
VisualStudioVersion = 15.0.28307.902
MinimumVisualStudioVersion = 10.0.40219.1
Project("{FAE04EC0-301F-11D3-BF4B-00C04F79EFBC}") = "App1.Android", "App1\App1.Android\App1.Android.csproj", "{8F823119-6056-4BB7-B75C-420B425CC337}"
EndProject
Project("{FAE04EC0-301F-11D3-BF4B-00C04F79EFBC}") = "App1.iOS", "App1\App1.iOS\App1.iOS.csproj", "{5FA524E7-AC1E-473A-B10F-8A01CB1E2596}"
EndProject
Project("{FAE04EC0-301F-11D3-BF4B-00C04F79EFBC}") = "App1", "App1\App1\App1.csproj", "{DB6BD0E9-8790-4DD8-B6FA-93AB07F9A085}"
EndProject
Global
	GlobalSection(SolutionConfigurationPlatforms) = preSolution
		Ad-Hoc|Any CPU = Ad-Hoc|Any CPU
		Ad-Hoc|iPhone = Ad-Hoc|iPhone
		Ad-Hoc|iPhoneSimulator = Ad-Hoc|iPhoneSimulator
		AppStore|Any CPU = AppStore|Any CPU
		AppStore|iPhone = AppStore|iPhone
		AppStore|iPhoneSimulator = AppStore|iPhoneSimulator
		Debug|Any CPU = Debug|Any CPU
		Debug|iPhone = Debug|iPhone
		Debug|iPhoneSimulator = Debug|iPhoneSimulator
		Release|Any CPU = Release|Any CPU
		Release|iPhone = Release|iPhone
		Release|iPhoneSimulator = Release|iPhoneSimulator
	EndGlobalSection
	GlobalSection(ProjectConfigurationPlatforms) = postSolution
		{8F823119-6056-4BB7-B75C-420B425CC337}.Ad-Hoc|Any CPU.ActiveCfg = Release|Any CPU
		{8F823119-6056-4BB7-B75C-420B425CC337}.Ad-Hoc|Any CPU.Build.0 = Release|Any CPU
		{8F823119-6056-4BB7-B75C-420B425CC337}.Ad-Hoc|Any CPU.Deploy.0 = Release|Any CPU
		{8F823119-6056-4BB7-B75C-420B425CC337}.Ad-Hoc|iPhone.ActiveCfg = Release|Any CPU
		{8F823119-6056-4BB7-B75C-420B425CC337}.Ad-Hoc|iPhone.Build.0 = Release|Any CPU
		{8F823119-6056-4BB7-B75C-420B425CC337}.Ad-Hoc|iPhone.Deploy.0 = Release|Any CPU
		{8F823119-6056-4BB7-B75C-420B425CC337}.Ad-Hoc|iPhoneSimulator.ActiveCfg = Release|Any CPU
		{8F823119-6056-4BB7-B75C-420B425CC337}.Ad-Hoc|iPhoneSimulator.Build.0 = Release|Any CPU
		{8F823119-6056-4BB7-B75C-420B425CC337}.Ad-Hoc|iPhoneSimulator.Deploy.0 = Release|Any CPU
		{8F823119-6056-4BB7-B75C-420B425CC337}.AppStore|Any CPU.ActiveCfg = Release|Any CPU
		{8F823119-6056-4BB7-B75C-420B425CC337}.AppStore|Any CPU.Build.0 = Release|Any CPU
		{8F823119-6056-4BB7-B75C-420B425CC337}.AppStore|Any CPU.Deploy.0 = Release|Any CPU
		{8F823119-6056-4BB7-B75C-420B425CC337}.AppStore|iPhone.ActiveCfg = Release|Any CPU
		{8F823119-6056-4BB7-B75C-420B425CC337}.AppStore|iPhone.Build.0 = Release|Any CPU
		{8F823119-6056-4BB7-B75C-420B425CC337}.AppStore|iPhone.Deploy.0 = Release|Any CPU
		{8F823119-6056-4BB7-B75C-420B425CC337}.AppStore|iPhoneSimulator.ActiveCfg = Release|Any CPU
		{8F823119-6056-4BB7-B75C-420B425CC337}.AppStore|iPhoneSimulator.Build.0 = Release|Any CPU
		{8F823119-6056-4BB7-B75C-420B425CC337}.AppStore|iPhoneSimulator.Deploy.0 = Release|Any CPU
		{8F823119-6056-4BB7-B75C-420B425CC337}.Debug|Any CPU.ActiveCfg = Debug|Any CPU
		{8F823119-6056-4BB7-B75C-420B425CC337}.Debug|Any CPU.Build.0 = Debug|Any CPU
		{8F823119-6056-4BB7-B75C-420B425CC337}.Debug|Any CPU.Deploy.0 = Debug|Any CPU
		{8F823119-6056-4BB7-B75C-420B425CC337}.Debug|iPhone.ActiveCfg = Debug|Any CPU
		{8F823119-6056-4BB7-B75C-420B425CC337}.Debug|iPhone.Build.0 = Debug|Any CPU
		{8F823119-6056-4BB7-B75C-420B425CC337}.Debug|iPhone.Deploy.0 = Debug|Any CPU
		{8F823119-6056-4BB7-B75C-420B425CC337}.Debug|iPhoneSimulator.ActiveCfg = Debug|Any CPU
		{8F823119-6056-4BB7-B75C-420B425CC337}.Debug|iPhoneSimulator.Build.0 = Debug|Any CPU
		{8F823119-6056-4BB7-B75C-420B425CC337}.Debug|iPhoneSimulator.Deploy.0 = Debug|Any CPU
		{8F823119-6056-4BB7-B75C-420B425CC337}.Release|Any CPU.ActiveCfg = Release|Any CPU
		{8F823119-6056-4BB7-B75C-420B425CC337}.Release|Any CPU.Build.0 = Release|Any CPU
		{8F823119-6056-4BB7-B75C-420B425CC337}.Release|Any CPU.Deploy.0 = Release|Any CPU
		{8F823119-6056-4BB7-B75C-420B425CC337}.Release|iPhone.ActiveCfg = Release|Any CPU
		{8F823119-6056-4BB7-B75C-420B425CC337}.Release|iPhone.Build.0 = Release|Any CPU
		{8F823119-6056-4BB7-B75C-420B425CC337}.Release|iPhone.Deploy.0 = Release|Any CPU
		{8F823119-6056-4BB7-B75C-420B425CC337}.Release|iPhoneSimulator.ActiveCfg = Release|Any CPU
		{8F823119-6056-4BB7-B75C-420B425CC337}.Release|iPhoneSimulator.Build.0 = Release|Any CPU
		{8F823119-6056-4BB7-B75C-420B425CC337}.Release|iPhoneSimulator.Deploy.0 = Release|Any CPU
		{5FA524E7-AC1E-473A-B10F-8A01CB1E2596}.Ad-Hoc|Any CPU.ActiveCfg = Ad-Hoc|iPhone
		{5FA524E7-AC1E-473A-B10F-8A01CB1E2596}.Ad-Hoc|Any CPU.Build.0 = Ad-Hoc|iPhone
		{5FA524E7-AC1E-473A-B10F-8A01CB1E2596}.Ad-Hoc|Any CPU.Deploy.0 = Ad-Hoc|iPhone
		{5FA524E7-AC1E-473A-B10F-8A01CB1E2596}.Ad-Hoc|iPhone.ActiveCfg = Ad-Hoc|iPhone
		{5FA524E7-AC1E-473A-B10F-8A01CB1E2596}.Ad-Hoc|iPhone.Build.0 = Ad-Hoc|iPhone
		{5FA524E7-AC1E-473A-B10F-8A01CB1E2596}.Ad-Hoc|iPhone.Deploy.0 = Ad-Hoc|iPhone
		{5FA524E7-AC1E-473A-B10F-8A01CB1E2596}.Ad-Hoc|iPhoneSimulator.ActiveCfg = Ad-Hoc|iPhoneSimulator
		{5FA524E7-AC1E-473A-B10F-8A01CB1E2596}.Ad-Hoc|iPhoneSimulator.Build.0 = Ad-Hoc|iPhoneSimulator
		{5FA524E7-AC1E-473A-B10F-8A01CB1E2596}.Ad-Hoc|iPhoneSimulator.Deploy.0 = Ad-Hoc|iPhoneSimulator
		{5FA524E7-AC1E-473A-B10F-8A01CB1E2596}.AppStore|Any CPU.ActiveCfg = AppStore|iPhone
		{5FA524E7-AC1E-473A-B10F-8A01CB1E2596}.AppStore|Any CPU.Build.0 = AppStore|iPhone
		{5FA524E7-AC1E-473A-B10F-8A01CB1E2596}.AppStore|Any CPU.Deploy.0 = AppStore|iPhone
		{5FA524E7-AC1E-473A-B10F-8A01CB1E2596}.AppStore|iPhone.ActiveCfg = AppStore|iPhone
		{5FA524E7-AC1E-473A-B10F-8A01CB1E2596}.AppStore|iPhone.Build.0 = AppStore|iPhone
		{5FA524E7-AC1E-473A-B10F-8A01CB1E2596}.AppStore|iPhone.Deploy.0 = AppStore|iPhone
		{5FA524E7-AC1E-473A-B10F-8A01CB1E2596}.AppStore|iPhoneSimulator.ActiveCfg = AppStore|iPhoneSimulator
		{5FA524E7-AC1E-473A-B10F-8A01CB1E2596}.AppStore|iPhoneSimulator.Build.0 = AppStore|iPhoneSimulator
		{5FA524E7-AC1E-473A-B10F-8A01CB1E2596}.AppStore|iPhoneSimulator.Deploy.0 = AppStore|iPhoneSimulator
		{5FA524E7-AC1E-473A-B10F-8A01CB1E2596}.Debug|Any CPU.ActiveCfg = Debug|iPhoneSimulator
		{5FA524E7-AC1E-473A-B10F-8A01CB1E2596}.Debug|Any CPU.Build.0 = Debug|iPhoneSimulator
		{5FA524E7-AC1E-473A-B10F-8A01CB1E2596}.Debug|Any CPU.Deploy.0 = Debug|iPhoneSimulator
		{5FA524E7-AC1E-473A-B10F-8A01CB1E2596}.Debug|iPhone.ActiveCfg = Debug|iPhone
		{5FA524E7-AC1E-473A-B10F-8A01CB1E2596}.Debug|iPhone.Build.0 = Debug|iPhone
		{5FA524E7-AC1E-473A-B10F-8A01CB1E2596}.Debug|iPhone.Deploy.0 = Debug|iPhone
		{5FA524E7-AC1E-473A-B10F-8A01CB1E2596}.Debug|iPhoneSimulator.ActiveCfg = Debug|iPhoneSimulator
		{5FA524E7-AC1E-473A-B10F-8A01CB1E2596}.Debug|iPhoneSimulator.Build.0 = Debug|iPhoneSimulator
		{5FA524E7-AC1E-473A-B10F-8A01CB1E2596}.Debug|iPhoneSimulator.Deploy.0 = Debug|iPhoneSimulator
		{5FA524E7-AC1E-473A-B10F-8A01CB1E2596}.Release|Any CPU.ActiveCfg = Release|iPhone
		{5FA524E7-AC1E-473A-B10F-8A01CB1E2596}.Release|Any CPU.Build.0 = Release|iPhone
		{5FA524E7-AC1E-473A-B10F-8A01CB1E2596}.Release|Any CPU.Deploy.0 = Release|iPhone
		{5FA524E7-AC1E-473A-B10F-8A01CB1E2596}.Release|iPhone.ActiveCfg = Release|iPhone
		{5FA524E7-AC1E-473A-B10F-8A01CB1E2596}.Release|iPhone.Build.0 = Release|iPhone
		{5FA524E7-AC1E-473A-B10F-8A01CB1E2596}.Release|iPhone.Deploy.0 = Release|iPhone
		{5FA524E7-AC1E-473A-B10F-8A01CB1E2596}.Release|iPhoneSimulator.ActiveCfg = Release|iPhoneSimulator
		{5FA524E7-AC1E-473A-B10F-8A01CB1E2596}.Release|iPhoneSimulator.Build.0 = Release|iPhoneSimulator
		{5FA524E7-AC1E-473A-B10F-8A01CB1E2596}.Release|iPhoneSimulator.Deploy.0 = Release|iPhoneSimulator
		{DB6BD0E9-8790-4DD8-B6FA-93AB07F9A085}.Ad-Hoc|Any CPU.ActiveCfg = Debug|Any CPU
		{DB6BD0E9-8790-4DD8-B6FA-93AB07F9A085}.Ad-Hoc|Any CPU.Build.0 = Debug|Any CPU
		{DB6BD0E9-8790-4DD8-B6FA-93AB07F9A085}.Ad-Hoc|Any CPU.Deploy.0 = Debug|Any CPU
		{DB6BD0E9-8790-4DD8-B6FA-93AB07F9A085}.Ad-Hoc|iPhone.ActiveCfg = Debug|Any CPU
		{DB6BD0E9-8790-4DD8-B6FA-93AB07F9A085}.Ad-Hoc|iPhone.Build.0 = Debug|Any CPU
		{DB6BD0E9-8790-4DD8-B6FA-93AB07F9A085}.Ad-Hoc|iPhone.Deploy.0 = Debug|Any CPU
		{DB6BD0E9-8790-4DD8-B6FA-93AB07F9A085}.Ad-Hoc|iPhoneSimulator.ActiveCfg = Debug|Any CPU
		{DB6BD0E9-8790-4DD8-B6FA-93AB07F9A085}.Ad-Hoc|iPhoneSimulator.Build.0 = Debug|Any CPU
		{DB6BD0E9-8790-4DD8-B6FA-93AB07F9A085}.Ad-Hoc|iPhoneSimulator.Deploy.0 = Debug|Any CPU
		{DB6BD0E9-8790-4DD8-B6FA-93AB07F9A085}.AppStore|Any CPU.ActiveCfg = Debug|Any CPU
		{DB6BD0E9-8790-4DD8-B6FA-93AB07F9A085}.AppStore|Any CPU.Build.0 = Debug|Any CPU
		{DB6BD0E9-8790-4DD8-B6FA-93AB07F9A085}.AppStore|Any CPU.Deploy.0 = Debug|Any CPU
		{DB6BD0E9-8790-4DD8-B6FA-93AB07F9A085}.AppStore|iPhone.ActiveCfg = Debug|Any CPU
		{DB6BD0E9-8790-4DD8-B6FA-93AB07F9A085}.AppStore|iPhone.Build.0 = Debug|Any CPU
		{DB6BD0E9-8790-4DD8-B6FA-93AB07F9A085}.AppStore|iPhone.Deploy.0 = Debug|Any CPU
		{DB6BD0E9-8790-4DD8-B6FA-93AB07F9A085}.AppStore|iPhoneSimulator.ActiveCfg = Debug|Any CPU
		{DB6BD0E9-8790-4DD8-B6FA-93AB07F9A085}.AppStore|iPhoneSimulator.Build.0 = Debug|Any CPU
		{DB6BD0E9-8790-4DD8-B6FA-93AB07F9A085}.AppStore|iPhoneSimulator.Deploy.0 = Debug|Any CPU
		{DB6BD0E9-8790-4DD8-B6FA-93AB07F9A085}.Debug|Any CPU.ActiveCfg = Debug|Any CPU
		{DB6BD0E9-8790-4DD8-B6FA-93AB07F9A085}.Debug|Any CPU.Build.0 = Debug|Any CPU
		{DB6BD0E9-8790-4DD8-B6FA-93AB07F9A085}.Debug|Any CPU.Deploy.0 = Debug|Any CPU
		{DB6BD0E9-8790-4DD8-B6FA-93AB07F9A085}.Debug|iPhone.ActiveCfg = Debug|Any CPU
		{DB6BD0E9-8790-4DD8-B6FA-93AB07F9A085}.Debug|iPhone.Build.0 = Debug|Any CPU
		{DB6BD0E9-8790-4DD8-B6FA-93AB07F9A085}.Debug|iPhone.Deploy.0 = Debug|Any CPU
		{DB6BD0E9-8790-4DD8-B6FA-93AB07F9A085}.Debug|iPhoneSimulator.ActiveCfg = Debug|Any CPU
		{DB6BD0E9-8790-4DD8-B6FA-93AB07F9A085}.Debug|iPhoneSimulator.Build.0 = Debug|Any CPU
		{DB6BD0E9-8790-4DD8-B6FA-93AB07F9A085}.Debug|iPhoneSimulator.Deploy.0 = Debug|Any CPU
		{DB6BD0E9-8790-4DD8-B6FA-93AB07F9A085}.Release|Any CPU.ActiveCfg = Release|Any CPU
		{DB6BD0E9-8790-4DD8-B6FA-93AB07F9A085}.Release|Any CPU.Build.0 = Release|Any CPU
		{DB6BD0E9-8790-4DD8-B6FA-93AB07F9A085}.Release|Any CPU.Deploy.0 = Release|Any CPU
		{DB6BD0E9-8790-4DD8-B6FA-93AB07F9A085}.Release|iPhone.ActiveCfg = Release|Any CPU
		{DB6BD0E9-8790-4DD8-B6FA-93AB07F9A085}.Release|iPhone.Build.0 = Release|Any CPU
		{DB6BD0E9-8790-4DD8-B6FA-93AB07F9A085}.Release|iPhone.Deploy.0 = Release|Any CPU
		{DB6BD0E9-8790-4DD8-B6FA-93AB07F9A085}.Release|iPhoneSimulator.ActiveCfg = Release|Any CPU
		{DB6BD0E9-8790-4DD8-B6FA-93AB07F9A085}.Release|iPhoneSimulator.Build.0 = Release|Any CPU
		{DB6BD0E9-8790-4DD8-B6FA-93AB07F9A085}.Release|iPhoneSimulator.Deploy.0 = Release|Any CPU
	EndGlobalSection
	GlobalSection(SolutionProperties) = preSolution
		HideSolutionNode = FALSE
	EndGlobalSection
	GlobalSection(ExtensibilityGlobals) = postSolution
		SolutionGuid = {DBCBBC61-36CD-4DF7-93DA-A02BBCDD8603}
	EndGlobalSection
EndGlobal
