
Microsoft Visual Studio Solution File, Format Version 12.00
# Visual Studio 15
VisualStudioVersion = 15.0.28307.902
MinimumVisualStudioVersion = 10.0.40219.1
Project("{FAE04EC0-301F-11D3-BF4B-00C04F79EFBC}") = "Islamic Video Portal", "Islamic Video Portal\Islamic Video Portal.csproj", "{04A75AE5-CA08-4ABB-AE2D-E34130BACA2D}"
EndProject
Global
	GlobalSection(SolutionConfigurationPlatforms) = preSolution
		Debug|Any CPU = Debug|Any CPU
		Release|Any CPU = Release|Any CPU
	EndGlobalSection
	GlobalSection(ProjectConfigurationPlatforms) = postSolution
		{04A75AE5-CA08-4ABB-AE2D-E34130BACA2D}.Debug|Any CPU.ActiveCfg = Debug|Any CPU
		{04A75AE5-CA08-4ABB-AE2D-E34130BACA2D}.Debug|Any CPU.Build.0 = Debug|Any CPU
		{04A75AE5-CA08-4ABB-AE2D-E34130BACA2D}.Release|Any CPU.ActiveCfg = Release|Any CPU
		{04A75AE5-CA08-4ABB-AE2D-E34130BACA2D}.Release|Any CPU.Build.0 = Release|Any CPU
	EndGlobalSection
	GlobalSection(SolutionProperties) = preSolution
		HideSolutionNode = FALSE
	EndGlobalSection
	GlobalSection(ExtensibilityGlobals) = postSolution
		SolutionGuid = {73458EEF-69A1-4AC0-AFD2-4D304EF9D027}
	EndGlobalSection
EndGlobal
